
Microsoft Visual Studio Solution File, Format Version 12.00
# Visual Studio Version 16
VisualStudioVersion = 16.0.30717.126
MinimumVisualStudioVersion = 10.0.40219.1
Project("{FAE04EC0-301F-11D3-BF4B-00C04F79EFBC}") = "IleriSeviyeSinifKullanimi2_11_1_21", "IleriSeviyeSinifKullanimi2_11_1_21\IleriSeviyeSinifKullanimi2_11_1_21.csproj", "{3BFEB6E3-6193-4E50-A7B9-D69E63E9D99F}"
EndProject
Global
	GlobalSection(SolutionConfigurationPlatforms) = preSolution
		Debug|Any CPU = Debug|Any CPU
		Release|Any CPU = Release|Any CPU
	EndGlobalSection
	GlobalSection(ProjectConfigurationPlatforms) = postSolution
		{3BFEB6E3-6193-4E50-A7B9-D69E63E9D99F}.Debug|Any CPU.ActiveCfg = Debug|Any CPU
		{3BFEB6E3-6193-4E50-A7B9-D69E63E9D99F}.Debug|Any CPU.Build.0 = Debug|Any CPU
		{3BFEB6E3-6193-4E50-A7B9-D69E63E9D99F}.Release|Any CPU.ActiveCfg = Release|Any CPU
		{3BFEB6E3-6193-4E50-A7B9-D69E63E9D99F}.Release|Any CPU.Build.0 = Release|Any CPU
	EndGlobalSection
	GlobalSection(SolutionProperties) = preSolution
		HideSolutionNode = FALSE
	EndGlobalSection
	GlobalSection(ExtensibilityGlobals) = postSolution
		SolutionGuid = {0E38A1D5-7913-4C4D-8A14-0E9AEB8BE194}
	EndGlobalSection
EndGlobal
