
Microsoft Visual Studio Solution File, Format Version 12.00
# Visual Studio Version 16
VisualStudioVersion = 16.0.30717.126
MinimumVisualStudioVersion = 10.0.40219.1
Project("{FAE04EC0-301F-11D3-BF4B-00C04F79EFBC}") = "GenericDelegate11_1_21", "GenericDelegate11_1_21\GenericDelegate11_1_21.csproj", "{0D180F59-AAC6-4894-8C14-80DCC0E37E14}"
EndProject
Global
	GlobalSection(SolutionConfigurationPlatforms) = preSolution
		Debug|Any CPU = Debug|Any CPU
		Release|Any CPU = Release|Any CPU
	EndGlobalSection
	GlobalSection(ProjectConfigurationPlatforms) = postSolution
		{0D180F59-AAC6-4894-8C14-80DCC0E37E14}.Debug|Any CPU.ActiveCfg = Debug|Any CPU
		{0D180F59-AAC6-4894-8C14-80DCC0E37E14}.Debug|Any CPU.Build.0 = Debug|Any CPU
		{0D180F59-AAC6-4894-8C14-80DCC0E37E14}.Release|Any CPU.ActiveCfg = Release|Any CPU
		{0D180F59-AAC6-4894-8C14-80DCC0E37E14}.Release|Any CPU.Build.0 = Release|Any CPU
	EndGlobalSection
	GlobalSection(SolutionProperties) = preSolution
		HideSolutionNode = FALSE
	EndGlobalSection
	GlobalSection(ExtensibilityGlobals) = postSolution
		SolutionGuid = {63D19F2F-D65A-4645-9796-7FC174C2D58D}
	EndGlobalSection
EndGlobal
