
Microsoft Visual Studio Solution File, Format Version 12.00
# Visual Studio Version 16
VisualStudioVersion = 16.0.30717.126
MinimumVisualStudioVersion = 10.0.40219.1
Project("{FAE04EC0-301F-11D3-BF4B-00C04F79EFBC}") = "SinifNesneleriniAnlamak1_2_1_21", "SinifNesneleriniAnlamak1_2_1_21\SinifNesneleriniAnlamak1_2_1_21.csproj", "{AA4E70C6-B115-4EF0-A01F-440EBEB5CD52}"
EndProject
Global
	GlobalSection(SolutionConfigurationPlatforms) = preSolution
		Debug|Any CPU = Debug|Any CPU
		Release|Any CPU = Release|Any CPU
	EndGlobalSection
	GlobalSection(ProjectConfigurationPlatforms) = postSolution
		{AA4E70C6-B115-4EF0-A01F-440EBEB5CD52}.Debug|Any CPU.ActiveCfg = Debug|Any CPU
		{AA4E70C6-B115-4EF0-A01F-440EBEB5CD52}.Debug|Any CPU.Build.0 = Debug|Any CPU
		{AA4E70C6-B115-4EF0-A01F-440EBEB5CD52}.Release|Any CPU.ActiveCfg = Release|Any CPU
		{AA4E70C6-B115-4EF0-A01F-440EBEB5CD52}.Release|Any CPU.Build.0 = Release|Any CPU
	EndGlobalSection
	GlobalSection(SolutionProperties) = preSolution
		HideSolutionNode = FALSE
	EndGlobalSection
	GlobalSection(ExtensibilityGlobals) = postSolution
		SolutionGuid = {F2C24E93-4106-43A0-BDF9-66B8102D10AD}
	EndGlobalSection
EndGlobal
