
Microsoft Visual Studio Solution File, Format Version 12.00
# Visual Studio Version 16
VisualStudioVersion = 16.0.30717.126
MinimumVisualStudioVersion = 10.0.40219.1
Project("{FAE04EC0-301F-11D3-BF4B-00C04F79EFBC}") = "ExtensionMethods1_15_21", "ExtensionMethods1_15_21\ExtensionMethods1_15_21.csproj", "{61A1DD94-C152-4429-A408-1319D3FD486F}"
EndProject
Global
	GlobalSection(SolutionConfigurationPlatforms) = preSolution
		Debug|Any CPU = Debug|Any CPU
		Release|Any CPU = Release|Any CPU
	EndGlobalSection
	GlobalSection(ProjectConfigurationPlatforms) = postSolution
		{61A1DD94-C152-4429-A408-1319D3FD486F}.Debug|Any CPU.ActiveCfg = Debug|Any CPU
		{61A1DD94-C152-4429-A408-1319D3FD486F}.Debug|Any CPU.Build.0 = Debug|Any CPU
		{61A1DD94-C152-4429-A408-1319D3FD486F}.Release|Any CPU.ActiveCfg = Release|Any CPU
		{61A1DD94-C152-4429-A408-1319D3FD486F}.Release|Any CPU.Build.0 = Release|Any CPU
	EndGlobalSection
	GlobalSection(SolutionProperties) = preSolution
		HideSolutionNode = FALSE
	EndGlobalSection
	GlobalSection(ExtensibilityGlobals) = postSolution
		SolutionGuid = {1334D8E0-1682-43BE-8E95-21BB5888EC8E}
	EndGlobalSection
EndGlobal
